{
  "name": "linkify-issue-repro",
  "lockfileVersion": 2,
  "requires": true,
  "packages": {
    "": {
      "dependencies": {
        "linkifyjs-3.0.5": "npm:linkifyjs@^3.0.5",
        "linkifyjs-4.0.2": "npm:linkifyjs@^4.0.2"
      }
    },
    "node_modules/linkifyjs-3.0.5": {
      "name": "linkifyjs",
      "version": "3.0.5",
      "resolved": "https://registry.npmjs.org/linkifyjs/-/linkifyjs-3.0.5.tgz",
      "integrity": "sha512-1Y9XQH65eQKA9p2xtk+zxvnTeQBG7rdAXSkUG97DmuI/Xhji9uaUzaWxRj6rf9YC0v8KKHkxav7tnLX82Sz5Fg=="
    },
    "node_modules/linkifyjs-4.0.2": {
      "name": "linkifyjs",
      "version": "4.0.2",
      "resolved": "https://registry.npmjs.org/linkifyjs/-/linkifyjs-4.0.2.tgz",
      "integrity": "sha512-/VSoCZiglX0VMsXmL5PN3lRg45M86lrD9PskdkA2abWaTKap1bIcJ11LS4EE55bcUl9ZOR4eZ792UtQ9E/5xLA=="
    }
  },
  "dependencies": {
    "linkifyjs-3.0.5": {
      "version": "npm:linkifyjs@3.0.5",
      "resolved": "https://registry.npmjs.org/linkifyjs/-/linkifyjs-3.0.5.tgz",
      "integrity": "sha512-1Y9XQH65eQKA9p2xtk+zxvnTeQBG7rdAXSkUG97DmuI/Xhji9uaUzaWxRj6rf9YC0v8KKHkxav7tnLX82Sz5Fg=="
    },
    "linkifyjs-4.0.2": {
      "version": "npm:linkifyjs@4.0.2",
      "resolved": "https://registry.npmjs.org/linkifyjs/-/linkifyjs-4.0.2.tgz",
      "integrity": "sha512-/VSoCZiglX0VMsXmL5PN3lRg45M86lrD9PskdkA2abWaTKap1bIcJ11LS4EE55bcUl9ZOR4eZ792UtQ9E/5xLA=="
    }
  }
}
